
Microsoft Visual Studio Solution File, Format Version 12.00
# Visual Studio Version 16
VisualStudioVersion = 16.0.29411.138
MinimumVisualStudioVersion = 10.0.40219.1
Project("{FAE04EC0-301F-11D3-BF4B-00C04F79EFBC}") = "ConversorDistancias.Testes", "ConversorDistancias.Testes.csproj", "{155B690E-5FB2-4CC3-A05D-DD5BAB32FE2E}"
EndProject
Global
	GlobalSection(SolutionConfigurationPlatforms) = preSolution
		Debug|Any CPU = Debug|Any CPU
		Release|Any CPU = Release|Any CPU
	EndGlobalSection
	GlobalSection(ProjectConfigurationPlatforms) = postSolution
		{155B690E-5FB2-4CC3-A05D-DD5BAB32FE2E}.Debug|Any CPU.ActiveCfg = Debug|Any CPU
		{155B690E-5FB2-4CC3-A05D-DD5BAB32FE2E}.Debug|Any CPU.Build.0 = Debug|Any CPU
		{155B690E-5FB2-4CC3-A05D-DD5BAB32FE2E}.Release|Any CPU.ActiveCfg = Release|Any CPU
		{155B690E-5FB2-4CC3-A05D-DD5BAB32FE2E}.Release|Any CPU.Build.0 = Release|Any CPU
	EndGlobalSection
	GlobalSection(SolutionProperties) = preSolution
		HideSolutionNode = FALSE
	EndGlobalSection
	GlobalSection(ExtensibilityGlobals) = postSolution
		SolutionGuid = {7C29D4CA-F09E-41F4-88C1-B809FC6BDFF8}
	EndGlobalSection
EndGlobal
